
Microsoft Visual Studio Solution File, Format Version 12.00
# Visual Studio Version 17
VisualStudioVersion = 17.9.34701.34
MinimumVisualStudioVersion = 10.0.40219.1
Project("{FAE04EC0-301F-11D3-BF4B-00C04F79EFBC}") = "Task3.2", "Task3.2.csproj", "{469C301E-EA90-4CE1-A9CC-0F468AEED2E6}"
EndProject
Global
	GlobalSection(SolutionConfigurationPlatforms) = preSolution
		Debug|Any CPU = Debug|Any CPU
		Release|Any CPU = Release|Any CPU
	EndGlobalSection
	GlobalSection(ProjectConfigurationPlatforms) = postSolution
		{469C301E-EA90-4CE1-A9CC-0F468AEED2E6}.Debug|Any CPU.ActiveCfg = Debug|Any CPU
		{469C301E-EA90-4CE1-A9CC-0F468AEED2E6}.Debug|Any CPU.Build.0 = Debug|Any CPU
		{469C301E-EA90-4CE1-A9CC-0F468AEED2E6}.Release|Any CPU.ActiveCfg = Release|Any CPU
		{469C301E-EA90-4CE1-A9CC-0F468AEED2E6}.Release|Any CPU.Build.0 = Release|Any CPU
	EndGlobalSection
	GlobalSection(SolutionProperties) = preSolution
		HideSolutionNode = FALSE
	EndGlobalSection
	GlobalSection(ExtensibilityGlobals) = postSolution
		SolutionGuid = {41B30A49-54F9-4540-B398-66FC92432217}
	EndGlobalSection
EndGlobal
